{
  "name": "native",
  "version": "1.0.0",
  "lockfileVersion": 1,
  "requires": true,
  "dependencies": {
    "@egova/countly-sdk-wxmp": {
      "version": "git+https://github.com/zsh3384027/countly-sdk-wxmp.git#476964ce671a00b5e85550a14008f7680fb5e195",
      "from": "git+https://github.com/zsh3384027/countly-sdk-wxmp.git#0.1.0"
    }
  }
}
