{
  "name": "native",
  "version": "1.0.0",
  "lockfileVersion": 1,
  "requires": true,
  "dependencies": {
    "@egova/countly-sdk-wxmp": {
      "version": "git+http://192.168.177.251:8000/npm/base/countly-sdk-wxmp.git#774c06a4576e2dc421ad4bed1d68597a9ee9a0bf",
      "from": "git+http://192.168.177.251:8000/npm/base/countly-sdk-wxmp.git#v1.0.0"
    }
  }
}
